{
    "_readme": [
        "This file locks the dependencies of your project to a known state",
        "Read more about it at https://getcomposer.org/doc/01-basic-usage.md#composer-lock-the-lock-file",
        "This file is @generated automatically"
    ],
    "hash": "45d5a5c154d1a15173e339c08a815349",
    "content-hash": "a5dfc831ee8947ecb47b34286b20f855",
    "packages": [
        {
            "name": "davidbarratt/custom-installer",
            "version": "1.0.0-alpha2",
            "source": {
                "type": "git",
                "url": "https://github.com/davidbarratt/custom-installer.git",
                "reference": "90009113204b8b6257ead91866cc5cddc6876834"
            },
            "dist": {
                "type": "zip",
                "url": "https://api.github.com/repos/davidbarratt/custom-installer/zipball/90009113204b8b6257ead91866cc5cddc6876834",
                "reference": "90009113204b8b6257ead91866cc5cddc6876834",
                "shasum": ""
            },
            "require": {
                "composer-plugin-api": "~1.0"
            },
            "require-dev": {
                "composer/composer": "~1.0@dev",
                "phpunit/phpunit": "~4.1",
                "squizlabs/php_codesniffer": "~2.5"
            },
            "type": "composer-plugin",
            "extra": {
                "class": "DavidBarratt\\CustomInstaller\\CustomInstallerPlugin"
            },
            "autoload": {
                "psr-4": {
                    "DavidBarratt\\CustomInstaller\\": "src"
                }
            },
            "notification-url": "https://packagist.org/downloads/",
            "license": [
                "Apache-2.0"
            ],
            "description": "Install custom types into custom locations.",
            "homepage": "https://github.com/davidbarratt/custom-installer",
            "time": "2016-01-23 14:33:27"
        },
        {
            "name": "drupal/admin_menu",
            "version": "7.3.0-rc5",
            "source": {
                "type": "git",
                "url": "https://git.drupal.org/project/admin_menu",
                "reference": "59a4fe3d4da5a80dd6abec5873a9930ccfb15c17"
            },
            "dist": {
                "type": "zip",
                "url": "https://ftp.drupal.org/files/projects/admin_menu-7.x-3.0-rc5.zip",
                "reference": null,
                "shasum": null
            },
            "require": {
                "drupal/drupal": "7.*",
                "drupal/system": ">7.10.0"
            },
            "replace": {
                "drupal/admin_devel": "self.version",
                "drupal/admin_menu_toolbar": "self.version"
            },
            "type": "drupal-module",
            "extra": {
                "branch-alias": {
                    "dev-7.x-3.x": "7.3.x-dev"
                }
            },
            "notification-url": "https://packagist.drupal-composer.org/downloads/",
            "license": [
                "GPL-2.0+"
            ],
            "description": "Provides a dropdown menu to most administrative tasks and other common destinations (to users with the proper permissions).",
            "homepage": "https://www.drupal.org/project/admin_menu",
            "time": "2014-12-19 21:59:50"
        },
        {
            "name": "drupal/bootstrap",
            "version": "7.3.6",
            "source": {
                "type": "git",
                "url": "https://git.drupal.org/project/bootstrap",
                "reference": "5f232b2046f109a6c64c945e643abf491daad59b"
            },
            "dist": {
                "type": "zip",
                "url": "https://ftp.drupal.org/files/projects/bootstrap-7.x-3.6.zip",
                "reference": null,
                "shasum": null
            },
            "require": {
                "drupal/drupal": "7.*"
            },
            "type": "drupal-theme",
            "extra": {
                "branch-alias": {
                    "dev-7.x-3.x": "7.3.x-dev"
                }
            },
            "notification-url": "https://packagist.drupal-composer.org/downloads/",
            "license": [
                "GPL-2.0+"
            ],
            "description": "Built to use Bootstrap, a sleek, intuitive, and powerful front-end framework for faster and easier web development.",
            "homepage": "https://www.drupal.org/project/bootstrap",
            "time": "2016-08-03 05:16:23"
        },
        {
            "name": "drupal/drupal",
            "version": "7.50.0",
            "source": {
                "type": "git",
                "url": "https://git.drupal.org/project/drupal",
                "reference": "088db3b125ef666914b788202dedefbf314bca98"
            },
            "dist": {
                "type": "zip",
                "url": "https://ftp.drupal.org/files/projects/drupal-7.50.zip",
                "reference": null,
                "shasum": null
            },
            "replace": {
                "drupal/aggregator": "self.version",
                "drupal/bartik": "self.version",
                "drupal/block": "self.version",
                "drupal/blog": "self.version",
                "drupal/book": "self.version",
                "drupal/color": "self.version",
                "drupal/comment": "self.version",
                "drupal/contact": "self.version",
                "drupal/contextual": "self.version",
                "drupal/dashboard": "self.version",
                "drupal/dblog": "self.version",
                "drupal/field": "self.version",
                "drupal/field_sql_storage": "self.version",
                "drupal/field_ui": "self.version",
                "drupal/file": "self.version",
                "drupal/filter": "self.version",
                "drupal/forum": "self.version",
                "drupal/garland": "self.version",
                "drupal/help": "self.version",
                "drupal/image": "self.version",
                "drupal/list": "self.version",
                "drupal/locale": "self.version",
                "drupal/menu": "self.version",
                "drupal/minimal": "self.version",
                "drupal/node": "self.version",
                "drupal/number": "self.version",
                "drupal/openid": "self.version",
                "drupal/options": "self.version",
                "drupal/overlay": "self.version",
                "drupal/path": "self.version",
                "drupal/php": "self.version",
                "drupal/poll": "self.version",
                "drupal/profile": "self.version",
                "drupal/rdf": "self.version",
                "drupal/search": "self.version",
                "drupal/seven": "self.version",
                "drupal/shortcut": "self.version",
                "drupal/standard": "self.version",
                "drupal/stark": "self.version",
                "drupal/statistics": "self.version",
                "drupal/syslog": "self.version",
                "drupal/system": "self.version",
                "drupal/taxonomy": "self.version",
                "drupal/text": "self.version",
                "drupal/toolbar": "self.version",
                "drupal/tracker": "self.version",
                "drupal/translation": "self.version",
                "drupal/trigger": "self.version",
                "drupal/update": "self.version",
                "drupal/user": "self.version"
            },
            "suggest": {
                "drupal/block": "Required by drupal/dashboard, drupal/minimal, drupal/standard",
                "drupal/color": "Required by drupal/standard",
                "drupal/comment": "Required by drupal/forum, drupal/tracker, drupal/standard",
                "drupal/contextual": "Required by drupal/standard",
                "drupal/dashboard": "Required by drupal/standard",
                "drupal/dblog": "Required by drupal/minimal, drupal/standard",
                "drupal/field": "Required by drupal/field_sql_storage, drupal/list, drupal/number, drupal/options, drupal/text, drupal/field_ui, drupal/file",
                "drupal/field_sql_storage": "Required by drupal/field",
                "drupal/field_ui": "Required by drupal/standard",
                "drupal/file": "Required by drupal/image, drupal/standard",
                "drupal/help": "Required by drupal/standard",
                "drupal/image": "Required by drupal/standard",
                "drupal/list": "Required by drupal/standard",
                "drupal/locale": "Required by drupal/translation",
                "drupal/menu": "Required by drupal/standard",
                "drupal/number": "Required by drupal/standard",
                "drupal/options": "Required by drupal/list, drupal/taxonomy, drupal/standard",
                "drupal/overlay": "Required by drupal/standard",
                "drupal/path": "Required by drupal/standard",
                "drupal/rdf": "Required by drupal/standard",
                "drupal/search": "Required by drupal/standard",
                "drupal/shortcut": "Required by drupal/standard",
                "drupal/taxonomy": "Required by drupal/forum, drupal/standard",
                "drupal/text": "Required by drupal/comment",
                "drupal/toolbar": "Required by drupal/standard"
            },
            "type": "drupal-core",
            "extra": {
                "branch-alias": {
                    "dev-7.x-": "7.x-dev"
                }
            },
            "notification-url": "https://packagist.drupal-composer.org/downloads/",
            "license": [
                "GPL-2.0+"
            ],
            "description": "Handles general site configuration for administrators.",
            "homepage": "https://www.drupal.org/project/drupal",
            "time": "2016-07-07 18:25:52"
        },
        {
            "name": "drupal/features",
            "version": "7.2.10",
            "source": {
                "type": "git",
                "url": "https://git.drupal.org/project/features",
                "reference": "41fd9b821b03cbdc6476428f375f16c9f8dc4185"
            },
            "dist": {
                "type": "zip",
                "url": "https://ftp.drupal.org/files/projects/features-7.x-2.10.zip",
                "reference": null,
                "shasum": null
            },
            "require": {
                "drupal/drupal": "7.*"
            },
            "type": "drupal-module",
            "extra": {
                "branch-alias": {
                    "dev-7.x-2.x": "7.2.x-dev"
                }
            },
            "notification-url": "https://packagist.drupal-composer.org/downloads/",
            "license": [
                "GPL-2.0+"
            ],
            "description": "Provides feature management for Drupal.",
            "homepage": "https://www.drupal.org/project/features",
            "time": "2016-04-18 19:27:42"
        }
    ],
    "packages-dev": [
        {
            "name": "drupal/devel",
            "version": "1.5.0",
            "source": {
                "type": "git",
                "url": "https://git.drupal.org/project/devel",
                "reference": "7.x-1.5"
            },
            "dist": {
                "type": "zip",
                "url": "https://ftp.drupal.org/files/projects/devel-7.x-1.5.zip",
                "reference": null,
                "shasum": "9065fe4fbaa260e087b4d2b1876bf8a768fade13"
            },
            "require": {
                "drupal/drupal": "~7.0"
            },
            "suggest": {
                "drupal/drupal": "Required by drupal/devel_node_access"
            },
            "type": "drupal-module",
            "extra": {
                "branch-alias": {
                    "dev-1.x": "1.x-dev"
                },
                "drupal": {
                    "version": "7.x-1.5",
                    "datestamp": "1398963228"
                }
            },
            "notification-url": "https://packages.drupal.org/7/downloads",
            "license": [
                "GPL-2.0+"
            ],
            "authors": [
                {
                    "name": "Dave Reid",
                    "homepage": "https://www.drupal.org/user/53892"
                },
                {
                    "name": "catch",
                    "homepage": "https://www.drupal.org/user/35733"
                },
                {
                    "name": "effulgentsia",
                    "homepage": "https://www.drupal.org/user/78040"
                },
                {
                    "name": "juampynr",
                    "homepage": "https://www.drupal.org/user/682736"
                },
                {
                    "name": "lussoluca",
                    "homepage": "https://www.drupal.org/user/138068"
                },
                {
                    "name": "moshe weitzman",
                    "homepage": "https://www.drupal.org/user/23"
                },
                {
                    "name": "pcambra",
                    "homepage": "https://www.drupal.org/user/122101"
                },
                {
                    "name": "salvis",
                    "homepage": "https://www.drupal.org/user/82964"
                },
                {
                    "name": "willzyx",
                    "homepage": "https://www.drupal.org/user/1043862"
                },
                {
                    "name": "yched",
                    "homepage": "https://www.drupal.org/user/39567"
                }
            ],
            "description": "Various blocks, pages, and functions for developers.",
            "homepage": "https://www.drupal.org/project/devel",
            "support": {
                "source": "http://cgit.drupalcode.org/devel"
            }
        },
        {
            "name": "wodby/docker4drupal",
            "version": "master",
            "source": {
                "type": "git",
                "url": "https://github.com/Wodby/docker4drupal.git",
                "reference": "master"
            },
            "type": "library",
            "time": "2016-08-22 09:41:24"
        }
    ],
    "aliases": [],
    "minimum-stability": "stable",
    "stability-flags": {
        "davidbarratt/custom-installer": 15,
        "drupal/admin_menu": 5,
        "wodby/docker4drupal": 20
    },
    "prefer-stable": false,
    "prefer-lowest": false,
    "platform": {
        "php": ">=5.6"
    },
    "platform-dev": []
}
