{
    "_readme": [
        "This file locks the dependencies of your project to a known state",
        "Read more about it at https://getcomposer.org/doc/01-basic-usage.md#composer-lock-the-lock-file",
        "This file is @generated automatically"
    ],
    "hash": "c38000ce24897d9e52fd24f702f9821c",
    "content-hash": "baad9dc41d713967d6b5ed510fa7492b",
    "packages": [
        {
            "name": "davidbarratt/custom-installer",
            "version": "1.0.0-alpha2",
            "source": {
                "type": "git",
                "url": "https://github.com/davidbarratt/custom-installer.git",
                "reference": "90009113204b8b6257ead91866cc5cddc6876834"
            },
            "dist": {
                "type": "zip",
                "url": "https://api.github.com/repos/davidbarratt/custom-installer/zipball/90009113204b8b6257ead91866cc5cddc6876834",
                "reference": "90009113204b8b6257ead91866cc5cddc6876834",
                "shasum": ""
            },
            "require": {
                "composer-plugin-api": "~1.0"
            },
            "require-dev": {
                "composer/composer": "~1.0@dev",
                "phpunit/phpunit": "~4.1",
                "squizlabs/php_codesniffer": "~2.5"
            },
            "type": "composer-plugin",
            "extra": {
                "class": "DavidBarratt\\CustomInstaller\\CustomInstallerPlugin"
            },
            "autoload": {
                "psr-4": {
                    "DavidBarratt\\CustomInstaller\\": "src"
                }
            },
            "notification-url": "https://packagist.org/downloads/",
            "license": [
                "Apache-2.0"
            ],
            "description": "Install custom types into custom locations.",
            "homepage": "https://github.com/davidbarratt/custom-installer",
            "time": "2016-01-23 14:33:27"
        },
        {
            "name": "drupal/admin_menu",
            "version": "3.0.0-rc5",
            "source": {
                "type": "git",
                "url": "https://git.drupal.org/project/admin_menu",
                "reference": "7.x-3.0-rc5"
            },
            "dist": {
                "type": "zip",
                "url": "https://ftp.drupal.org/files/projects/admin_menu-7.x-3.0-rc5.zip",
                "reference": "7.x-3.0-rc5",
                "shasum": "64de77d5b1ed7158549a4fc6f2fd657aaacdaead"
            },
            "require": {
                "drupal/drupal": "^7.11"
            },
            "type": "drupal-module",
            "extra": {
                "branch-alias": {
                    "dev-3.x": "3.x-dev"
                },
                "drupal": {
                    "version": "7.x-3.0-rc5",
                    "datestamp": "1419029280"
                }
            },
            "notification-url": "https://packages.drupal.org/7/downloads",
            "license": [
                "GPL-2.0+"
            ],
            "authors": [
                {
                    "name": "Dave Reid",
                    "homepage": "https://www.drupal.org/user/53892"
                },
                {
                    "name": "fubhy",
                    "homepage": "https://www.drupal.org/user/761344"
                },
                {
                    "name": "pwolanin",
                    "homepage": "https://www.drupal.org/user/49851"
                },
                {
                    "name": "smk-ka",
                    "homepage": "https://www.drupal.org/user/48898"
                },
                {
                    "name": "sun",
                    "homepage": "https://www.drupal.org/user/54136"
                }
            ],
            "description": "Provides a dropdown menu to most administrative tasks and other common destinations (to users with the proper permissions).",
            "homepage": "https://www.drupal.org/project/admin_menu",
            "support": {
                "source": "http://cgit.drupalcode.org/admin_menu"
            }
        },
        {
            "name": "drupal/bootstrap",
            "version": "3.6.0",
            "source": {
                "type": "git",
                "url": "https://git.drupal.org/project/bootstrap",
                "reference": "7.x-3.6"
            },
            "dist": {
                "type": "zip",
                "url": "https://ftp.drupal.org/files/projects/bootstrap-7.x-3.6.zip",
                "reference": "7.x-3.6",
                "shasum": "2db584044b698522ca67bb69067340ce5a84103a"
            },
            "require": {
                "drupal/drupal": "~7.0"
            },
            "type": "drupal-theme",
            "extra": {
                "branch-alias": {
                    "dev-3.x": "3.x-dev"
                },
                "drupal": {
                    "version": "7.x-3.6",
                    "datestamp": "1470203939"
                }
            },
            "notification-url": "https://packages.drupal.org/7/downloads",
            "license": [
                "GPL-2.0+"
            ],
            "authors": [
                {
                    "name": "markcarver",
                    "homepage": "https://www.drupal.org/user/501638"
                },
                {
                    "name": "neardark",
                    "homepage": "https://www.drupal.org/user/661076"
                },
                {
                    "name": "wundo",
                    "homepage": "https://www.drupal.org/user/25523"
                }
            ],
            "homepage": "https://www.drupal.org/project/bootstrap",
            "support": {
                "source": "http://cgit.drupalcode.org/bootstrap"
            }
        },
        {
            "name": "drupal/drupal",
            "version": "7.50.0",
            "source": {
                "type": "git",
                "url": "https://git.drupal.org/project/drupal",
                "reference": "088db3b125ef666914b788202dedefbf314bca98"
            },
            "dist": {
                "type": "zip",
                "url": "https://ftp.drupal.org/files/projects/drupal-7.50.zip",
                "reference": "088db3b125ef666914b788202dedefbf314bca98",
                "shasum": null
            },
            "replace": {
                "drupal/aggregator": "self.version",
                "drupal/bartik": "self.version",
                "drupal/block": "self.version",
                "drupal/blog": "self.version",
                "drupal/book": "self.version",
                "drupal/color": "self.version",
                "drupal/comment": "self.version",
                "drupal/contact": "self.version",
                "drupal/contextual": "self.version",
                "drupal/dashboard": "self.version",
                "drupal/dblog": "self.version",
                "drupal/field": "self.version",
                "drupal/field_sql_storage": "self.version",
                "drupal/field_ui": "self.version",
                "drupal/file": "self.version",
                "drupal/filter": "self.version",
                "drupal/forum": "self.version",
                "drupal/garland": "self.version",
                "drupal/help": "self.version",
                "drupal/image": "self.version",
                "drupal/list": "self.version",
                "drupal/locale": "self.version",
                "drupal/menu": "self.version",
                "drupal/minimal": "self.version",
                "drupal/node": "self.version",
                "drupal/number": "self.version",
                "drupal/openid": "self.version",
                "drupal/options": "self.version",
                "drupal/overlay": "self.version",
                "drupal/path": "self.version",
                "drupal/php": "self.version",
                "drupal/poll": "self.version",
                "drupal/profile": "self.version",
                "drupal/rdf": "self.version",
                "drupal/search": "self.version",
                "drupal/seven": "self.version",
                "drupal/shortcut": "self.version",
                "drupal/standard": "self.version",
                "drupal/stark": "self.version",
                "drupal/statistics": "self.version",
                "drupal/syslog": "self.version",
                "drupal/system": "self.version",
                "drupal/taxonomy": "self.version",
                "drupal/text": "self.version",
                "drupal/toolbar": "self.version",
                "drupal/tracker": "self.version",
                "drupal/translation": "self.version",
                "drupal/trigger": "self.version",
                "drupal/update": "self.version",
                "drupal/user": "self.version"
            },
            "suggest": {
                "drupal/block": "Required by drupal/dashboard, drupal/minimal, drupal/standard",
                "drupal/color": "Required by drupal/standard",
                "drupal/comment": "Required by drupal/forum, drupal/tracker, drupal/standard",
                "drupal/contextual": "Required by drupal/standard",
                "drupal/dashboard": "Required by drupal/standard",
                "drupal/dblog": "Required by drupal/minimal, drupal/standard",
                "drupal/field": "Required by drupal/field_sql_storage, drupal/list, drupal/number, drupal/options, drupal/text, drupal/field_ui, drupal/file",
                "drupal/field_sql_storage": "Required by drupal/field",
                "drupal/field_ui": "Required by drupal/standard",
                "drupal/file": "Required by drupal/image, drupal/standard",
                "drupal/help": "Required by drupal/standard",
                "drupal/image": "Required by drupal/standard",
                "drupal/list": "Required by drupal/standard",
                "drupal/locale": "Required by drupal/translation",
                "drupal/menu": "Required by drupal/standard",
                "drupal/number": "Required by drupal/standard",
                "drupal/options": "Required by drupal/list, drupal/taxonomy, drupal/standard",
                "drupal/overlay": "Required by drupal/standard",
                "drupal/path": "Required by drupal/standard",
                "drupal/rdf": "Required by drupal/standard",
                "drupal/search": "Required by drupal/standard",
                "drupal/shortcut": "Required by drupal/standard",
                "drupal/taxonomy": "Required by drupal/forum, drupal/standard",
                "drupal/text": "Required by drupal/comment",
                "drupal/toolbar": "Required by drupal/standard"
            },
            "type": "drupal-core",
            "extra": {
                "branch-alias": {
                    "dev-7.x-": "7.x-dev"
                }
            },
            "notification-url": "https://packagist.drupal-composer.org/downloads/",
            "license": [
                "GPL-2.0+"
            ],
            "description": "Handles general site configuration for administrators.",
            "homepage": "https://www.drupal.org/project/drupal",
            "time": "2016-07-07 18:25:52"
        },
        {
            "name": "drupal/features",
            "version": "2.10.0",
            "source": {
                "type": "git",
                "url": "https://git.drupal.org/project/features",
                "reference": "7.x-2.10"
            },
            "dist": {
                "type": "zip",
                "url": "https://ftp.drupal.org/files/projects/features-7.x-2.10.zip",
                "reference": "7.x-2.10",
                "shasum": "b49cf87df5197195003e24ec679ffbc7c4ea1e08"
            },
            "require": {
                "drupal/drupal": "~7.0"
            },
            "suggest": {
                "drupal/drupal": "Required by drupal/features",
                "drupal/strongarm": "Required by drupal/features",
                "drupal/views": "Required by drupal/features"
            },
            "type": "drupal-module",
            "extra": {
                "branch-alias": {
                    "dev-2.x": "2.x-dev"
                },
                "drupal": {
                    "version": "7.x-2.10",
                    "datestamp": "1461011639"
                }
            },
            "notification-url": "https://packages.drupal.org/7/downloads",
            "license": [
                "GPL-2.0+"
            ],
            "authors": [
                {
                    "name": "dawehner",
                    "homepage": "https://www.drupal.org/user/99340"
                },
                {
                    "name": "e2thex",
                    "homepage": "https://www.drupal.org/user/189123"
                },
                {
                    "name": "febbraro",
                    "homepage": "https://www.drupal.org/user/43670"
                },
                {
                    "name": "hefox",
                    "homepage": "https://www.drupal.org/user/426416"
                },
                {
                    "name": "jmiccolis",
                    "homepage": "https://www.drupal.org/user/31731"
                },
                {
                    "name": "mpotter",
                    "homepage": "https://www.drupal.org/user/616192"
                },
                {
                    "name": "nedjo",
                    "homepage": "https://www.drupal.org/user/4481"
                },
                {
                    "name": "srjosh",
                    "homepage": "https://www.drupal.org/user/165878"
                },
                {
                    "name": "tim.plunkett",
                    "homepage": "https://www.drupal.org/user/241634"
                }
            ],
            "description": "Provides feature management for Drupal.",
            "homepage": "https://www.drupal.org/project/features",
            "support": {
                "source": "http://cgit.drupalcode.org/features"
            }
        },
        {
            "name": "drupal/master",
            "version": "2.0.0-beta4",
            "source": {
                "type": "git",
                "url": "https://git.drupal.org/project/master",
                "reference": "7.x-2.0-beta4"
            },
            "dist": {
                "type": "zip",
                "url": "https://ftp.drupal.org/files/projects/master-7.x-2.0-beta4.zip",
                "reference": null,
                "shasum": "b92bae325a67ad3c7a70f66e6ffff60d8f9ba7ec"
            },
            "require": {
                "drupal/drupal": "~7.0"
            },
            "type": "drupal-module",
            "extra": {
                "branch-alias": {
                    "dev-2.x": "2.x-dev"
                },
                "drupal": {
                    "version": "7.x-2.0-beta4",
                    "datestamp": "1419344880"
                }
            },
            "notification-url": "https://packages.drupal.org/7/downloads",
            "license": [
                "GPL-2.0+"
            ],
            "authors": [
                {
                    "name": "derhasi",
                    "homepage": "https://www.drupal.org/user/83474"
                },
                {
                    "name": "lucastockmann",
                    "homepage": "https://www.drupal.org/user/2199850"
                }
            ],
            "description": "Master control to provide (drush) utilities for setting dependent and disabling unecessary modules and reverting features for a site configuration.",
            "homepage": "https://www.drupal.org/project/master",
            "support": {
                "source": "http://cgit.drupalcode.org/master"
            }
        }
    ],
    "packages-dev": [
        {
            "name": "drupal/devel",
            "version": "1.5.0",
            "source": {
                "type": "git",
                "url": "https://git.drupal.org/project/devel",
                "reference": "7.x-1.5"
            },
            "dist": {
                "type": "zip",
                "url": "https://ftp.drupal.org/files/projects/devel-7.x-1.5.zip",
                "reference": "7.x-1.5",
                "shasum": "9065fe4fbaa260e087b4d2b1876bf8a768fade13"
            },
            "require": {
                "drupal/drupal": "~7.0"
            },
            "suggest": {
                "drupal/drupal": "Required by drupal/devel_node_access"
            },
            "type": "drupal-module",
            "extra": {
                "branch-alias": {
                    "dev-1.x": "1.x-dev"
                },
                "drupal": {
                    "version": "7.x-1.5",
                    "datestamp": "1398963228"
                }
            },
            "notification-url": "https://packages.drupal.org/7/downloads",
            "license": [
                "GPL-2.0+"
            ],
            "authors": [
                {
                    "name": "Dave Reid",
                    "homepage": "https://www.drupal.org/user/53892"
                },
                {
                    "name": "catch",
                    "homepage": "https://www.drupal.org/user/35733"
                },
                {
                    "name": "effulgentsia",
                    "homepage": "https://www.drupal.org/user/78040"
                },
                {
                    "name": "juampynr",
                    "homepage": "https://www.drupal.org/user/682736"
                },
                {
                    "name": "lussoluca",
                    "homepage": "https://www.drupal.org/user/138068"
                },
                {
                    "name": "moshe weitzman",
                    "homepage": "https://www.drupal.org/user/23"
                },
                {
                    "name": "pcambra",
                    "homepage": "https://www.drupal.org/user/122101"
                },
                {
                    "name": "salvis",
                    "homepage": "https://www.drupal.org/user/82964"
                },
                {
                    "name": "willzyx",
                    "homepage": "https://www.drupal.org/user/1043862"
                },
                {
                    "name": "yched",
                    "homepage": "https://www.drupal.org/user/39567"
                }
            ],
            "description": "Various blocks, pages, and functions for developers.",
            "homepage": "https://www.drupal.org/project/devel",
            "support": {
                "source": "http://cgit.drupalcode.org/devel"
            }
        },
        {
            "name": "wodby/docker4drupal",
            "version": "master",
            "source": {
                "type": "git",
                "url": "https://github.com/Wodby/docker4drupal.git",
                "reference": "master"
            },
            "type": "library",
            "time": "2016-08-22 09:41:24"
        }
    ],
    "aliases": [],
    "minimum-stability": "stable",
    "stability-flags": {
        "davidbarratt/custom-installer": 15,
        "drupal/admin_menu": 5,
        "drupal/master": 10,
        "wodby/docker4drupal": 20
    },
    "prefer-stable": false,
    "prefer-lowest": false,
    "platform": {
        "php": ">=5.6"
    },
    "platform-dev": []
}
